# THIS IS AN AUTOGENERATED FILE. DO NOT EDIT THIS FILE DIRECTLY.
# yarn lockfile v1


"@types/lodash.keyby@^4.6.3":
  version "4.6.3"
  resolved "https://registry.yarnpkg.com/@types/lodash.keyby/-/lodash.keyby-4.6.3.tgz#ceab6ebad584341aec9a7265f3678ef0c8b3168a"
  dependencies:
    "@types/lodash" "*"

"@types/lodash@*":
  version "4.14.108"
  resolved "https://registry.yarnpkg.com/@types/lodash/-/lodash-4.14.108.tgz#02656af3add2e5b3174f830862c47421c00ef817"

"@types/node@^10.0.6":
  version "10.0.6"
  resolved "https://registry.yarnpkg.com/@types/node/-/node-10.0.6.tgz#c0bce8e539bf34c1b850c13ff46bead2fecc2e58"

binary@^0.3.0:
  version "0.3.0"
  resolved "https://registry.yarnpkg.com/binary/-/binary-0.3.0.tgz#9f60553bc5ce8c3386f3b553cff47462adecaa79"
  dependencies:
    buffers "~0.1.1"
    chainsaw "~0.1.0"

buffers@~0.1.1:
  version "0.1.1"
  resolved "https://registry.yarnpkg.com/buffers/-/buffers-0.1.1.tgz#b24579c3bed4d6d396aeee6d9a8ae7f5482ab7bb"

chainsaw@~0.1.0:
  version "0.1.0"
  resolved "https://registry.yarnpkg.com/chainsaw/-/chainsaw-0.1.0.tgz#5eab50b28afe58074d0d58291388828b5e5fbc98"
  dependencies:
    traverse ">=0.3.0 <0.4"

lodash.keyby@^4.6.0:
  version "4.6.0"
  resolved "https://registry.yarnpkg.com/lodash.keyby/-/lodash.keyby-4.6.0.tgz#7f6a1abda93fd24e22728a4d361ed8bcba5a4354"

minimist@0.0.8:
  version "0.0.8"
  resolved "https://registry.yarnpkg.com/minimist/-/minimist-0.0.8.tgz#857fcabfc3397d2625b8228262e86aa7a011b05d"

mkdirp@^0.5.1:
  version "0.5.1"
  resolved "https://registry.yarnpkg.com/mkdirp/-/mkdirp-0.5.1.tgz#30057438eac6cf7f8c4767f38648d6697d75c903"
  dependencies:
    minimist "0.0.8"

"traverse@>=0.3.0 <0.4":
  version "0.3.9"
  resolved "https://registry.yarnpkg.com/traverse/-/traverse-0.3.9.tgz#717b8f220cc0bb7b44e40514c22b2e8bbc70d8b9"

unzip-stream@^0.3.0:
  version "0.3.0"
  resolved "https://registry.yarnpkg.com/unzip-stream/-/unzip-stream-0.3.0.tgz#c30c054cd6b0d64b13a23cd3ece911eb0b2b52d8"
  dependencies:
    binary "^0.3.0"
    mkdirp "^0.5.1"
